// !$*UTF8*$!
{
	archiveVersion = 1;
	classes = {
	};
	objectVersion = 55;
	objects = {

/* Begin PBXBuildFile section */
		B3554E8B27A015FF003A1611 /* AppDelegate.swift in Sources */ = {isa = PBXBuildFile; fileRef = B3554E8A27A015FF003A1611 /* AppDelegate.swift */; };
		B3554E8D27A015FF003A1611 /* SceneDelegate.swift in Sources */ = {isa = PBXBuildFile; fileRef = B3554E8C27A015FF003A1611 /* SceneDelegate.swift */; };
		B3554E8F27A015FF003A1611 /* ViewController.swift in Sources */ = {isa = PBXBuildFile; fileRef = B3554E8E27A015FF003A1611 /* ViewController.swift */; };
		B3554E9227A015FF003A1611 /* Main.storyboard in Resources */ = {isa = PBXBuildFile; fileRef = B3554E9027A015FF003A1611 /* Main.storyboard */; };
		B3554E9527A015FF003A1611 /* SampleApp.xcdatamodeld in Sources */ = {isa = PBXBuildFile; fileRef = B3554E9327A015FF003A1611 /* SampleApp.xcdatamodeld */; };
		B3554E9727A01602003A1611 /* Assets.xcassets in Resources */ = {isa = PBXBuildFile; fileRef = B3554E9627A01602003A1611 /* Assets.xcassets */; };
		B3554E9A27A01602003A1611 /* LaunchScreen.storyboard in Resources */ = {isa = PBXBuildFile; fileRef = B3554E9827A01602003A1611 /* LaunchScreen.storyboard */; };
		B3554EA527A01603003A1611 /* SampleAppTests.swift in Sources */ = {isa = PBXBuildFile; fileRef = B3554EA427A01603003A1611 /* SampleAppTests.swift */; };
		B3554EAF27A01603003A1611 /* SampleAppUITests.swift in Sources */ = {isa = PBXBuildFile; fileRef = B3554EAE27A01603003A1611 /* SampleAppUITests.swift */; };
		B3554EB127A01603003A1611 /* SampleAppUITestsLaunchTests.swift in Sources */ = {isa = PBXBuildFile; fileRef = B3554EB027A01603003A1611 /* SampleAppUITestsLaunchTests.swift */; };
/* End PBXBuildFile section */

/* Begin PBXContainerItemProxy section */
		B3554EA127A01603003A1611 /* PBXContainerItemProxy */ = {
			isa = PBXContainerItemProxy;
			containerPortal = B3554E7F27A015FE003A1611 /* Project object */;
			proxyType = 1;
			remoteGlobalIDString = B3554E8627A015FE003A1611;
			remoteInfo = SampleApp;
		};
		B3554EAB27A01603003A1611 /* PBXContainerItemProxy */ = {
			isa = PBXContainerItemProxy;
			containerPortal = B3554E7F27A015FE003A1611 /* Project object */;
			proxyType = 1;
			remoteGlobalIDString = B3554E8627A015FE003A1611;
			remoteInfo = SampleApp;
		};
		B3554EE727A018FD003A1611 /* PBXContainerItemProxy */ = {
			isa = PBXContainerItemProxy;
			containerPortal = B3554EE227A018FD003A1611 /* ComponentModule.xcodeproj */;
			proxyType = 2;
			remoteGlobalIDString = B3554EC727A01737003A1611;
			remoteInfo = ComponentModule;
		};
		B3554EE927A018FD003A1611 /* PBXContainerItemProxy */ = {
			isa = PBXContainerItemProxy;
			containerPortal = B3554EE227A018FD003A1611 /* ComponentModule.xcodeproj */;
			proxyType = 2;
			remoteGlobalIDString = B3554ED127A01738003A1611;
			remoteInfo = ComponentModuleTests;
		};
/* End PBXContainerItemProxy section */

/* Begin PBXFileReference section */
		B3554E8727A015FF003A1611 /* SampleApp.app */ = {isa = PBXFileReference; explicitFileType = wrapper.application; includeInIndex = 0; path = SampleApp.app; sourceTree = BUILT_PRODUCTS_DIR; };
		B3554E8A27A015FF003A1611 /* AppDelegate.swift */ = {isa = PBXFileReference; lastKnownFileType = sourcecode.swift; path = AppDelegate.swift; sourceTree = "<group>"; };
		B3554E8C27A015FF003A1611 /* SceneDelegate.swift */ = {isa = PBXFileReference; lastKnownFileType = sourcecode.swift; path = SceneDelegate.swift; sourceTree = "<group>"; };
		B3554E8E27A015FF003A1611 /* ViewController.swift */ = {isa = PBXFileReference; lastKnownFileType = sourcecode.swift; path = ViewController.swift; sourceTree = "<group>"; };
		B3554E9127A015FF003A1611 /* Base */ = {isa = PBXFileReference; lastKnownFileType = file.storyboard; name = Base; path = Base.lproj/Main.storyboard; sourceTree = "<group>"; };
		B3554E9427A015FF003A1611 /* SampleApp.xcdatamodel */ = {isa = PBXFileReference; lastKnownFileType = wrapper.xcdatamodel; path = SampleApp.xcdatamodel; sourceTree = "<group>"; };
		B3554E9627A01602003A1611 /* Assets.xcassets */ = {isa = PBXFileReference; lastKnownFileType = folder.assetcatalog; path = Assets.xcassets; sourceTree = "<group>"; };
		B3554E9927A01602003A1611 /* Base */ = {isa = PBXFileReference; lastKnownFileType = file.storyboard; name = Base; path = Base.lproj/LaunchScreen.storyboard; sourceTree = "<group>"; };
		B3554E9B27A01602003A1611 /* Info.plist */ = {isa = PBXFileReference; lastKnownFileType = text.plist.xml; path = Info.plist; sourceTree = "<group>"; };
		B3554EA027A01603003A1611 /* SampleAppTests.xctest */ = {isa = PBXFileReference; explicitFileType = wrapper.cfbundle; includeInIndex = 0; path = SampleAppTests.xctest; sourceTree = BUILT_PRODUCTS_DIR; };
		B3554EA427A01603003A1611 /* SampleAppTests.swift */ = {isa = PBXFileReference; lastKnownFileType = sourcecode.swift; path = SampleAppTests.swift; sourceTree = "<group>"; };
		B3554EAA27A01603003A1611 /* SampleAppUITests.xctest */ = {isa = PBXFileReference; explicitFileType = wrapper.cfbundle; includeInIndex = 0; path = SampleAppUITests.xctest; sourceTree = BUILT_PRODUCTS_DIR; };
		B3554EAE27A01603003A1611 /* SampleAppUITests.swift */ = {isa = PBXFileReference; lastKnownFileType = sourcecode.swift; path = SampleAppUITests.swift; sourceTree = "<group>"; };
		B3554EB027A01603003A1611 /* SampleAppUITestsLaunchTests.swift */ = {isa = PBXFileReference; lastKnownFileType = sourcecode.swift; path = SampleAppUITestsLaunchTests.swift; sourceTree = "<group>"; };
		B3554EE227A018FD003A1611 /* ComponentModule.xcodeproj */ = {isa = PBXFileReference; lastKnownFileType = "wrapper.pb-project"; name = ComponentModule.xcodeproj; path = ComponentModule/ComponentModule.xcodeproj; sourceTree = "<group>"; };
/* End PBXFileReference section */

/* Begin PBXFrameworksBuildPhase section */
		B3554E8427A015FE003A1611 /* Frameworks */ = {
			isa = PBXFrameworksBuildPhase;
			buildActionMask = 2147483647;
			files = (
			);
			runOnlyForDeploymentPostprocessing = 0;
		};
		B3554E9D27A01603003A1611 /* Frameworks */ = {
			isa = PBXFrameworksBuildPhase;
			buildActionMask = 2147483647;
			files = (
			);
			runOnlyForDeploymentPostprocessing = 0;
		};
		B3554EA727A01603003A1611 /* Frameworks */ = {
			isa = PBXFrameworksBuildPhase;
			buildActionMask = 2147483647;
			files = (
			);
			runOnlyForDeploymentPostprocessing = 0;
		};
/* End PBXFrameworksBuildPhase section */

/* Begin PBXGroup section */
		B3554E7E27A015FE003A1611 = {
			isa = PBXGroup;
			children = (
				B3554E8927A015FF003A1611 /* SampleApp */,
				B3554EA327A01603003A1611 /* SampleAppTests */,
				B3554EAD27A01603003A1611 /* SampleAppUITests */,
				B3554E8827A015FF003A1611 /* Products */,
				B3554EE127A018FC003A1611 /* Frameworks */,
			);
			sourceTree = "<group>";
		};
		B3554E8827A015FF003A1611 /* Products */ = {
			isa = PBXGroup;
			children = (
				B3554E8727A015FF003A1611 /* SampleApp.app */,
				B3554EA027A01603003A1611 /* SampleAppTests.xctest */,
				B3554EAA27A01603003A1611 /* SampleAppUITests.xctest */,
			);
			name = Products;
			sourceTree = "<group>";
		};
		B3554E8927A015FF003A1611 /* SampleApp */ = {
			isa = PBXGroup;
			children = (
				B3554E8A27A015FF003A1611 /* AppDelegate.swift */,
				B3554E8C27A015FF003A1611 /* SceneDelegate.swift */,
				B3554E8E27A015FF003A1611 /* ViewController.swift */,
				B3554E9027A015FF003A1611 /* Main.storyboard */,
				B3554E9627A01602003A1611 /* Assets.xcassets */,
				B3554E9827A01602003A1611 /* LaunchScreen.storyboard */,
				B3554E9B27A01602003A1611 /* Info.plist */,
				B3554E9327A015FF003A1611 /* SampleApp.xcdatamodeld */,
			);
			path = SampleApp;
			sourceTree = "<group>";
		};
		B3554EA327A01603003A1611 /* SampleAppTests */ = {
			isa = PBXGroup;
			children = (
				B3554EA427A01603003A1611 /* SampleAppTests.swift */,
			);
			path = SampleAppTests;
			sourceTree = "<group>";
		};
		B3554EAD27A01603003A1611 /* SampleAppUITests */ = {
			isa = PBXGroup;
			children = (
				B3554EAE27A01603003A1611 /* SampleAppUITests.swift */,
				B3554EB027A01603003A1611 /* SampleAppUITestsLaunchTests.swift */,
			);
			path = SampleAppUITests;
			sourceTree = "<group>";
		};
		B3554EE127A018FC003A1611 /* Frameworks */ = {
			isa = PBXGroup;
			children = (
				B3554EE227A018FD003A1611 /* ComponentModule.xcodeproj */,
			);
			name = Frameworks;
			sourceTree = "<group>";
		};
		B3554EE327A018FD003A1611 /* Products */ = {
			isa = PBXGroup;
			children = (
				B3554EE827A018FD003A1611 /* ComponentModule.framework */,
				B3554EEA27A018FD003A1611 /* ComponentModuleTests.xctest */,
			);
			name = Products;
			sourceTree = "<group>";
		};
/* End PBXGroup section */

/* Begin PBXNativeTarget section */
		B3554E8627A015FE003A1611 /* SampleApp */ = {
			isa = PBXNativeTarget;
			buildConfigurationList = B3554EB427A01603003A1611 /* Build configuration list for PBXNativeTarget "SampleApp" */;
			buildPhases = (
				B3554E8327A015FE003A1611 /* Sources */,
				B3554E8427A015FE003A1611 /* Frameworks */,
				B3554E8527A015FE003A1611 /* Resources */,
			);
			buildRules = (
			);
			dependencies = (
			);
			name = SampleApp;
			productName = SampleApp;
			productReference = B3554E8727A015FF003A1611 /* SampleApp.app */;
			productType = "com.apple.product-type.application";
		};
		B3554E9F27A01603003A1611 /* SampleAppTests */ = {
			isa = PBXNativeTarget;
			buildConfigurationList = B3554EB727A01603003A1611 /* Build configuration list for PBXNativeTarget "SampleAppTests" */;
			buildPhases = (
				B3554E9C27A01603003A1611 /* Sources */,
				B3554E9D27A01603003A1611 /* Frameworks */,
				B3554E9E27A01603003A1611 /* Resources */,
			);
			buildRules = (
			);
			dependencies = (
				B3554EA227A01603003A1611 /* PBXTargetDependency */,
			);
			name = SampleAppTests;
			productName = SampleAppTests;
			productReference = B3554EA027A01603003A1611 /* SampleAppTests.xctest */;
			productType = "com.apple.product-type.bundle.unit-test";
		};
		B3554EA927A01603003A1611 /* SampleAppUITests */ = {
			isa = PBXNativeTarget;
			buildConfigurationList = B3554EBA27A01603003A1611 /* Build configuration list for PBXNativeTarget "SampleAppUITests" */;
			buildPhases = (
				B3554EA627A01603003A1611 /* Sources */,
				B3554EA727A01603003A1611 /* Frameworks */,
				B3554EA827A01603003A1611 /* Resources */,
			);
			buildRules = (
			);
			dependencies = (
				B3554EAC27A01603003A1611 /* PBXTargetDependency */,
			);
			name = SampleAppUITests;
			productName = SampleAppUITests;
			productReference = B3554EAA27A01603003A1611 /* SampleAppUITests.xctest */;
			productType = "com.apple.product-type.bundle.ui-testing";
		};
/* End PBXNativeTarget section */

/* Begin PBXProject section */
		B3554E7F27A015FE003A1611 /* Project object */ = {
			isa = PBXProject;
			attributes = {
				BuildIndependentTargetsInParallel = 1;
				LastSwiftUpdateCheck = 1320;
				LastUpgradeCheck = 1320;
				TargetAttributes = {
					B3554E8627A015FE003A1611 = {
						CreatedOnToolsVersion = 13.2.1;
					};
					B3554E9F27A01603003A1611 = {
						CreatedOnToolsVersion = 13.2.1;
						TestTargetID = B3554E8627A015FE003A1611;
					};
					B3554EA927A01603003A1611 = {
						CreatedOnToolsVersion = 13.2.1;
						TestTargetID = B3554E8627A015FE003A1611;
					};
				};
			};
			buildConfigurationList = B3554E8227A015FE003A1611 /* Build configuration list for PBXProject "SampleApp" */;
			compatibilityVersion = "Xcode 13.0";
			developmentRegion = en;
			hasScannedForEncodings = 0;
			knownRegions = (
				en,
				Base,
			);
			mainGroup = B3554E7E27A015FE003A1611;
			productRefGroup = B3554E8827A015FF003A1611 /* Products */;
			projectDirPath = "";
			projectReferences = (
				{
					ProductGroup = B3554EE327A018FD003A1611 /* Products */;
					ProjectRef = B3554EE227A018FD003A1611 /* ComponentModule.xcodeproj */;
				},
			);
			projectRoot = "";
			targets = (
				B3554E8627A015FE003A1611 /* SampleApp */,
				B3554E9F27A01603003A1611 /* SampleAppTests */,
				B3554EA927A01603003A1611 /* SampleAppUITests */,
			);
		};
/* End PBXProject section */

/* Begin PBXReferenceProxy section */
		B3554EE827A018FD003A1611 /* ComponentModule.framework */ = {
			isa = PBXReferenceProxy;
			fileType = wrapper.framework;
			path = ComponentModule.framework;
			remoteRef = B3554EE727A018FD003A1611 /* PBXContainerItemProxy */;
			sourceTree = BUILT_PRODUCTS_DIR;
		};
		B3554EEA27A018FD003A1611 /* ComponentModuleTests.xctest */ = {
			isa = PBXReferenceProxy;
			fileType = wrapper.cfbundle;
			path = ComponentModuleTests.xctest;
			remoteRef = B3554EE927A018FD003A1611 /* PBXContainerItemProxy */;
			sourceTree = BUILT_PRODUCTS_DIR;
		};
/* End PBXReferenceProxy section */

/* Begin PBXResourcesBuildPhase section */
		B3554E8527A015FE003A1611 /* Resources */ = {
			isa = PBXResourcesBuildPhase;
			buildActionMask = 2147483647;
			files = (
				B3554E9A27A01602003A1611 /* LaunchScreen.storyboard in Resources */,
				B3554E9727A01602003A1611 /* Assets.xcassets in Resources */,
				B3554E9227A015FF003A1611 /* Main.storyboard in Resources */,
			);
			runOnlyForDeploymentPostprocessing = 0;
		};
		B3554E9E27A01603003A1611 /* Resources */ = {
			isa = PBXResourcesBuildPhase;
			buildActionMask = 2147483647;
			files = (
			);
			runOnlyForDeploymentPostprocessing = 0;
		};
		B3554EA827A01603003A1611 /* Resources */ = {
			isa = PBXResourcesBuildPhase;
			buildActionMask = 2147483647;
			files = (
			);
			runOnlyForDeploymentPostprocessing = 0;
		};
/* End PBXResourcesBuildPhase section */

/* Begin PBXSourcesBuildPhase section */
		B3554E8327A015FE003A1611 /* Sources */ = {
			isa = PBXSourcesBuildPhase;
			buildActionMask = 2147483647;
			files = (
				B3554E8F27A015FF003A1611 /* ViewController.swift in Sources */,
				B3554E9527A015FF003A1611 /* SampleApp.xcdatamodeld in Sources */,
				B3554E8B27A015FF003A1611 /* AppDelegate.swift in Sources */,
				B3554E8D27A015FF003A1611 /* SceneDelegate.swift in Sources */,
			);
			runOnlyForDeploymentPostprocessing = 0;
		};
		B3554E9C27A01603003A1611 /* Sources */ = {
			isa = PBXSourcesBuildPhase;
			buildActionMask = 2147483647;
			files = (
				B3554EA527A01603003A1611 /* SampleAppTests.swift in Sources */,
			);
			runOnlyForDeploymentPostprocessing = 0;
		};
		B3554EA627A01603003A1611 /* Sources */ = {
			isa = PBXSourcesBuildPhase;
			buildActionMask = 2147483647;
			files = (
				B3554EB127A01603003A1611 /* SampleAppUITestsLaunchTests.swift in Sources */,
				B3554EAF27A01603003A1611 /* SampleAppUITests.swift in Sources */,
			);
			runOnlyForDeploymentPostprocessing = 0;
		};
/* End PBXSourcesBuildPhase section */

/* Begin PBXTargetDependency section */
		B3554EA227A01603003A1611 /* PBXTargetDependency */ = {
			isa = PBXTargetDependency;
			target = B3554E8627A015FE003A1611 /* SampleApp */;
			targetProxy = B3554EA127A01603003A1611 /* PBXContainerItemProxy */;
		};
		B3554EAC27A01603003A1611 /* PBXTargetDependency */ = {
			isa = PBXTargetDependency;
			target = B3554E8627A015FE003A1611 /* SampleApp */;
			targetProxy = B3554EAB27A01603003A1611 /* PBXContainerItemProxy */;
		};
/* End PBXTargetDependency section */

/* Begin PBXVariantGroup section */
		B3554E9027A015FF003A1611 /* Main.storyboard */ = {
			isa = PBXVariantGroup;
			children = (
				B3554E9127A015FF003A1611 /* Base */,
			);
			name = Main.storyboard;
			sourceTree = "<group>";
		};
		B3554E9827A01602003A1611 /* LaunchScreen.storyboard */ = {
			isa = PBXVariantGroup;
			children = (
				B3554E9927A01602003A1611 /* Base */,
			);
			name = LaunchScreen.storyboard;
			sourceTree = "<group>";
		};
/* End PBXVariantGroup section */

/* Begin XCBuildConfiguration section */
		B3554EB227A01603003A1611 /* Debug */ = {
			isa = XCBuildConfiguration;
			buildSettings = {
				ALWAYS_SEARCH_USER_PATHS = NO;
				CLANG_ANALYZER_NONNULL = YES;
				CLANG_ANALYZER_NUMBER_OBJECT_CONVERSION = YES_AGGRESSIVE;
				CLANG_CXX_LANGUAGE_STANDARD = "gnu++17";
				CLANG_CXX_LIBRARY = "libc++";
				CLANG_ENABLE_MODULES = YES;
				CLANG_ENABLE_OBJC_ARC = YES;
				CLANG_ENABLE_OBJC_WEAK = YES;
				CLANG_WARN_BLOCK_CAPTURE_AUTORELEASING = YES;
				CLANG_WARN_BOOL_CONVERSION = YES;
				CLANG_WARN_COMMA = YES;
				CLANG_WARN_CONSTANT_CONVERSION = YES;
				CLANG_WARN_DEPRECATED_OBJC_IMPLEMENTATIONS = YES;
				CLANG_WARN_DIRECT_OBJC_ISA_USAGE = YES_ERROR;
				CLANG_WARN_DOCUMENTATION_COMMENTS = YES;
				CLANG_WARN_EMPTY_BODY = YES;
				CLANG_WARN_ENUM_CONVERSION = YES;
				CLANG_WARN_INFINITE_RECURSION = YES;
				CLANG_WARN_INT_CONVERSION = YES;
				CLANG_WARN_NON_LITERAL_NULL_CONVERSION = YES;
				CLANG_WARN_OBJC_IMPLICIT_RETAIN_SELF = YES;
				CLANG_WARN_OBJC_LITERAL_CONVERSION = YES;
				CLANG_WARN_OBJC_ROOT_CLASS = YES_ERROR;
				CLANG_WARN_QUOTED_INCLUDE_IN_FRAMEWORK_HEADER = YES;
				CLANG_WARN_RANGE_LOOP_ANALYSIS = YES;
				CLANG_WARN_STRICT_PROTOTYPES = YES;
				CLANG_WARN_SUSPICIOUS_MOVE = YES;
				CLANG_WARN_UNGUARDED_AVAILABILITY = YES_AGGRESSIVE;
				CLANG_WARN_UNREACHABLE_CODE = YES;
				CLANG_WARN__DUPLICATE_METHOD_MATCH = YES;
				COPY_PHASE_STRIP = NO;
				DEBUG_INFORMATION_FORMAT = dwarf;
				ENABLE_STRICT_OBJC_MSGSEND = YES;
				ENABLE_TESTABILITY = YES;
				GCC_C_LANGUAGE_STANDARD = gnu11;
				GCC_DYNAMIC_NO_PIC = NO;
				GCC_NO_COMMON_BLOCKS = YES;
				GCC_OPTIMIZATION_LEVEL = 0;
				GCC_PREPROCESSOR_DEFINITIONS = (
					"DEBUG=1",
					"$(inherited)",
				);
				GCC_WARN_64_TO_32_BIT_CONVERSION = YES;
				GCC_WARN_ABOUT_RETURN_TYPE = YES_ERROR;
				GCC_WARN_UNDECLARED_SELECTOR = YES;
				GCC_WARN_UNINITIALIZED_AUTOS = YES_AGGRESSIVE;
				GCC_WARN_UNUSED_FUNCTION = YES;
				GCC_WARN_UNUSED_VARIABLE = YES;
				IPHONEOS_DEPLOYMENT_TARGET = 13.0;
				MTL_ENABLE_DEBUG_INFO = INCLUDE_SOURCE;
				MTL_FAST_MATH = YES;
				ONLY_ACTIVE_ARCH = YES;
				SDKROOT = iphoneos;
				SWIFT_ACTIVE_COMPILATION_CONDITIONS = DEBUG;
				SWIFT_OPTIMIZATION_LEVEL = "-Onone";
			};
			name = Debug;
		};
		B3554EB327A01603003A1611 /* Release */ = {
			isa = XCBuildConfiguration;
			buildSettings = {
				ALWAYS_SEARCH_USER_PATHS = NO;
				CLANG_ANALYZER_NONNULL = YES;
				CLANG_ANALYZER_NUMBER_OBJECT_CONVERSION = YES_AGGRESSIVE;
				CLANG_CXX_LANGUAGE_STANDARD = "gnu++17";
				CLANG_CXX_LIBRARY = "libc++";
				CLANG_ENABLE_MODULES = YES;
				CLANG_ENABLE_OBJC_ARC = YES;
				CLANG_ENABLE_OBJC_WEAK = YES;
				CLANG_WARN_BLOCK_CAPTURE_AUTORELEASING = YES;
				CLANG_WARN_BOOL_CONVERSION = YES;
				CLANG_WARN_COMMA = YES;
				CLANG_WARN_CONSTANT_CONVERSION = YES;
				CLANG_WARN_DEPRECATED_OBJC_IMPLEMENTATIONS = YES;
				CLANG_WARN_DIRECT_OBJC_ISA_USAGE = YES_ERROR;
				CLANG_WARN_DOCUMENTATION_COMMENTS = YES;
				CLANG_WARN_EMPTY_BODY = YES;
				CLANG_WARN_ENUM_CONVERSION = YES;
				CLANG_WARN_INFINITE_RECURSION = YES;
				CLANG_WARN_INT_CONVERSION = YES;
				CLANG_WARN_NON_LITERAL_NULL_CONVERSION = YES;
				CLANG_WARN_OBJC_IMPLICIT_RETAIN_SELF = YES;
				CLANG_WARN_OBJC_LITERAL_CONVERSION = YES;
				CLANG_WARN_OBJC_ROOT_CLASS = YES_ERROR;
				CLANG_WARN_QUOTED_INCLUDE_IN_FRAMEWORK_HEADER = YES;
				CLANG_WARN_RANGE_LOOP_ANALYSIS = YES;
				CLANG_WARN_STRICT_PROTOTYPES = YES;
				CLANG_WARN_SUSPICIOUS_MOVE = YES;
				CLANG_WARN_UNGUARDED_AVAILABILITY = YES_AGGRESSIVE;
				CLANG_WARN_UNREACHABLE_CODE = YES;
				CLANG_WARN__DUPLICATE_METHOD_MATCH = YES;
				COPY_PHASE_STRIP = NO;
				DEBUG_INFORMATION_FORMAT = "dwarf-with-dsym";
				ENABLE_NS_ASSERTIONS = NO;
				ENABLE_STRICT_OBJC_MSGSEND = YES;
				GCC_C_LANGUAGE_STANDARD = gnu11;
				GCC_NO_COMMON_BLOCKS = YES;
				GCC_WARN_64_TO_32_BIT_CONVERSION = YES;
				GCC_WARN_ABOUT_RETURN_TYPE = YES_ERROR;
				GCC_WARN_UNDECLARED_SELECTOR = YES;
				GCC_WARN_UNINITIALIZED_AUTOS = YES_AGGRESSIVE;
				GCC_WARN_UNUSED_FUNCTION = YES;
				GCC_WARN_UNUSED_VARIABLE = YES;
				IPHONEOS_DEPLOYMENT_TARGET = 13.0;
				MTL_ENABLE_DEBUG_INFO = NO;
				MTL_FAST_MATH = YES;
				SDKROOT = iphoneos;
				SWIFT_COMPILATION_MODE = wholemodule;
				SWIFT_OPTIMIZATION_LEVEL = "-O";
				VALIDATE_PRODUCT = YES;
			};
			name = Release;
		};
		B3554EB527A01603003A1611 /* Debug */ = {
			isa = XCBuildConfiguration;
			buildSettings = {
				ASSETCATALOG_COMPILER_APPICON_NAME = AppIcon;
				ASSETCATALOG_COMPILER_GLOBAL_ACCENT_COLOR_NAME = AccentColor;
				CODE_SIGN_STYLE = Automatic;
				CURRENT_PROJECT_VERSION = 1;
				GENERATE_INFOPLIST_FILE = YES;
				INFOPLIST_FILE = SampleApp/Info.plist;
				INFOPLIST_KEY_UIApplicationSupportsIndirectInputEvents = YES;
				INFOPLIST_KEY_UILaunchStoryboardName = LaunchScreen;
				INFOPLIST_KEY_UIMainStoryboardFile = Main;
				INFOPLIST_KEY_UISupportedInterfaceOrientations_iPad = "UIInterfaceOrientationPortrait UIInterfaceOrientationPortraitUpsideDown UIInterfaceOrientationLandscapeLeft UIInterfaceOrientationLandscapeRight";
				INFOPLIST_KEY_UISupportedInterfaceOrientations_iPhone = "UIInterfaceOrientationPortrait UIInterfaceOrientationLandscapeLeft UIInterfaceOrientationLandscapeRight";
				LD_RUNPATH_SEARCH_PATHS = (
					"$(inherited)",
					"@executable_path/Frameworks",
				);
				MARKETING_VERSION = 1.0;
				PRODUCT_BUNDLE_IDENTIFIER = "Nakjin-Kim.SampleApp";
				PRODUCT_NAME = "$(TARGET_NAME)";
				SWIFT_EMIT_LOC_STRINGS = YES;
				SWIFT_VERSION = 5.0;
				TARGETED_DEVICE_FAMILY = "1,2";
			};
			name = Debug;
		};
		B3554EB627A01603003A1611 /* Release */ = {
			isa = XCBuildConfiguration;
			buildSettings = {
				ASSETCATALOG_COMPILER_APPICON_NAME = AppIcon;
				ASSETCATALOG_COMPILER_GLOBAL_ACCENT_COLOR_NAME = AccentColor;
				CODE_SIGN_STYLE = Automatic;
				CURRENT_PROJECT_VERSION = 1;
				GENERATE_INFOPLIST_FILE = YES;
				INFOPLIST_FILE = SampleApp/Info.plist;
				INFOPLIST_KEY_UIApplicationSupportsIndirectInputEvents = YES;
				INFOPLIST_KEY_UILaunchStoryboardName = LaunchScreen;
				INFOPLIST_KEY_UIMainStoryboardFile = Main;
				INFOPLIST_KEY_UISupportedInterfaceOrientations_iPad = "UIInterfaceOrientationPortrait UIInterfaceOrientationPortraitUpsideDown UIInterfaceOrientationLandscapeLeft UIInterfaceOrientationLandscapeRight";
				INFOPLIST_KEY_UISupportedInterfaceOrientations_iPhone = "UIInterfaceOrientationPortrait UIInterfaceOrientationLandscapeLeft UIInterfaceOrientationLandscapeRight";
				LD_RUNPATH_SEARCH_PATHS = (
					"$(inherited)",
					"@executable_path/Frameworks",
				);
				MARKETING_VERSION = 1.0;
				PRODUCT_BUNDLE_IDENTIFIER = "Nakjin-Kim.SampleApp";
				PRODUCT_NAME = "$(TARGET_NAME)";
				SWIFT_EMIT_LOC_STRINGS = YES;
				SWIFT_VERSION = 5.0;
				TARGETED_DEVICE_FAMILY = "1,2";
			};
			name = Release;
		};
		B3554EB827A01603003A1611 /* Debug */ = {
			isa = XCBuildConfiguration;
			buildSettings = {
				ALWAYS_EMBED_SWIFT_STANDARD_LIBRARIES = YES;
				BUNDLE_LOADER = "$(TEST_HOST)";
				CODE_SIGN_STYLE = Automatic;
				CURRENT_PROJECT_VERSION = 1;
				GENERATE_INFOPLIST_FILE = YES;
				IPHONEOS_DEPLOYMENT_TARGET = 15.2;
				MARKETING_VERSION = 1.0;
				PRODUCT_BUNDLE_IDENTIFIER = "Nakjin-Kim.SampleAppTests";
				PRODUCT_NAME = "$(TARGET_NAME)";
				SWIFT_EMIT_LOC_STRINGS = NO;
				SWIFT_VERSION = 5.0;
				TARGETED_DEVICE_FAMILY = "1,2";
				TEST_HOST = "$(BUILT_PRODUCTS_DIR)/SampleApp.app/SampleApp";
			};
			name = Debug;
		};
		B3554EB927A01603003A1611 /* Release */ = {
			isa = XCBuildConfiguration;
			buildSettings = {
				ALWAYS_EMBED_SWIFT_STANDARD_LIBRARIES = YES;
				BUNDLE_LOADER = "$(TEST_HOST)";
				CODE_SIGN_STYLE = Automatic;
				CURRENT_PROJECT_VERSION = 1;
				GENERATE_INFOPLIST_FILE = YES;
				IPHONEOS_DEPLOYMENT_TARGET = 15.2;
				MARKETING_VERSION = 1.0;
				PRODUCT_BUNDLE_IDENTIFIER = "Nakjin-Kim.SampleAppTests";
				PRODUCT_NAME = "$(TARGET_NAME)";
				SWIFT_EMIT_LOC_STRINGS = NO;
				SWIFT_VERSION = 5.0;
				TARGETED_DEVICE_FAMILY = "1,2";
				TEST_HOST = "$(BUILT_PRODUCTS_DIR)/SampleApp.app/SampleApp";
			};
			name = Release;
		};
		B3554EBB27A01603003A1611 /* Debug */ = {
			isa = XCBuildConfiguration;
			buildSettings = {
				ALWAYS_EMBED_SWIFT_STANDARD_LIBRARIES = YES;
				CODE_SIGN_STYLE = Automatic;
				CURRENT_PROJECT_VERSION = 1;
				GENERATE_INFOPLIST_FILE = YES;
				MARKETING_VERSION = 1.0;
				PRODUCT_BUNDLE_IDENTIFIER = "Nakjin-Kim.SampleAppUITests";
				PRODUCT_NAME = "$(TARGET_NAME)";
				SWIFT_EMIT_LOC_STRINGS = NO;
				SWIFT_VERSION = 5.0;
				TARGETED_DEVICE_FAMILY = "1,2";
				TEST_TARGET_NAME = SampleApp;
			};
			name = Debug;
		};
		B3554EBC27A01603003A1611 /* Release */ = {
			isa = XCBuildConfiguration;
			buildSettings = {
				ALWAYS_EMBED_SWIFT_STANDARD_LIBRARIES = YES;
				CODE_SIGN_STYLE = Automatic;
				CURRENT_PROJECT_VERSION = 1;
				GENERATE_INFOPLIST_FILE = YES;
				MARKETING_VERSION = 1.0;
				PRODUCT_BUNDLE_IDENTIFIER = "Nakjin-Kim.SampleAppUITests";
				PRODUCT_NAME = "$(TARGET_NAME)";
				SWIFT_EMIT_LOC_STRINGS = NO;
				SWIFT_VERSION = 5.0;
				TARGETED_DEVICE_FAMILY = "1,2";
				TEST_TARGET_NAME = SampleApp;
			};
			name = Release;
		};
/* End XCBuildConfiguration section */

/* Begin XCConfigurationList section */
		B3554E8227A015FE003A1611 /* Build configuration list for PBXProject "SampleApp" */ = {
			isa = XCConfigurationList;
			buildConfigurations = (
				B3554EB227A01603003A1611 /* Debug */,
				B3554EB327A01603003A1611 /* Release */,
			);
			defaultConfigurationIsVisible = 0;
			defaultConfigurationName = Release;
		};
		B3554EB427A01603003A1611 /* Build configuration list for PBXNativeTarget "SampleApp" */ = {
			isa = XCConfigurationList;
			buildConfigurations = (
				B3554EB527A01603003A1611 /* Debug */,
				B3554EB627A01603003A1611 /* Release */,
			);
			defaultConfigurationIsVisible = 0;
			defaultConfigurationName = Release;
		};
		B3554EB727A01603003A1611 /* Build configuration list for PBXNativeTarget "SampleAppTests" */ = {
			isa = XCConfigurationList;
			buildConfigurations = (
				B3554EB827A01603003A1611 /* Debug */,
				B3554EB927A01603003A1611 /* Release */,
			);
			defaultConfigurationIsVisible = 0;
			defaultConfigurationName = Release;
		};
		B3554EBA27A01603003A1611 /* Build configuration list for PBXNativeTarget "SampleAppUITests" */ = {
			isa = XCConfigurationList;
			buildConfigurations = (
				B3554EBB27A01603003A1611 /* Debug */,
				B3554EBC27A01603003A1611 /* Release */,
			);
			defaultConfigurationIsVisible = 0;
			defaultConfigurationName = Release;
		};
/* End XCConfigurationList section */

/* Begin XCVersionGroup section */
		B3554E9327A015FF003A1611 /* SampleApp.xcdatamodeld */ = {
			isa = XCVersionGroup;
			children = (
				B3554E9427A015FF003A1611 /* SampleApp.xcdatamodel */,
			);
			currentVersion = B3554E9427A015FF003A1611 /* SampleApp.xcdatamodel */;
			path = SampleApp.xcdatamodeld;
			sourceTree = "<group>";
			versionGroupType = wrapper.xcdatamodel;
		};
/* End XCVersionGroup section */
	};
	rootObject = B3554E7F27A015FE003A1611 /* Project object */;
}
